schema: '2.0'
stages:
  prepare:
    cmd: python -m src.data.preprocess_dataset
    deps:
    - path: data/raw/
      md5: 281768d3515ed704b2d106ed7517217d.dir
      size: 3157509406
      nfiles: 15
    - path: src/data/preprocess_dataset.py
      md5: 632137d7929c7bd9dc030e8355c62c61
      size: 3388
    params:
      params.yaml:
        dataset:
          audio_length: 1
          total_labels: 36
          feature_extractor: facebook/hubert-base-ls960
    outs:
    - path: data/processed/
      md5: 71e19ba3eece3a035a491a870ffb331e.dir
      size: 6400265348
      nfiles: 21
  train:
    cmd: python -m src.models.train_model
    deps:
    - path: data/processed/
      md5: 71e19ba3eece3a035a491a870ffb331e.dir
      size: 6400265348
      nfiles: 21
    - path: src/models/train_model.py
      md5: c621e640ce7f39e62fa677875e89bca8
      size: 9941
    params:
      params.yaml:
        model:
          algorithm_name: Hubert_Classifier
          random_state: 33
          num_classes: 36
          batch_size: 256
          lr: 1e-05
          momentum: 0.9
          optimizer: adam
          adapter_hidden_size: 128
          epochs: 100
          patience: 5
          log_interval: 15
    outs:
    - path: models/final_model/
      md5: 46157dc3f50a476f533f129356400484.dir
      size: 378782616
      nfiles: 2
  test:
    cmd: python -m src.models.test_model
    deps:
    - path: data/processed/
      md5: 71e19ba3eece3a035a491a870ffb331e.dir
      size: 6400265348
      nfiles: 21
    - path: models/final_model/
      md5: 46157dc3f50a476f533f129356400484.dir
      size: 378782616
      nfiles: 2
    - path: src/models/test_model.py
      md5: 92c953c9804c61028ac78cb5151c4c57
      size: 5746
    params:
      params.yaml:
        model:
          algorithm_name: Hubert_Classifier
          random_state: 33
          num_classes: 36
          batch_size: 256
          lr: 1e-05
          momentum: 0.9
          optimizer: adam
          adapter_hidden_size: 128
          epochs: 100
          patience: 5
          log_interval: 15
